
Microsoft Visual Studio Solution File, Format Version 12.00
# Visual Studio Version 16
VisualStudioVersion = 16.0.31205.134
MinimumVisualStudioVersion = 10.0.40219.1
Project("{FAE04EC0-301F-11D3-BF4B-00C04F79EFBC}") = "StupidNetwork", "StupidNetwork\StupidNetwork.csproj", "{A8703BB1-2372-457C-B78A-FC15DE021374}"
EndProject
Global
	GlobalSection(SolutionConfigurationPlatforms) = preSolution
		Debug|Any CPU = Debug|Any CPU
		Release|Any CPU = Release|Any CPU
	EndGlobalSection
	GlobalSection(ProjectConfigurationPlatforms) = postSolution
		{A8703BB1-2372-457C-B78A-FC15DE021374}.Debug|Any CPU.ActiveCfg = Debug|Any CPU
		{A8703BB1-2372-457C-B78A-FC15DE021374}.Debug|Any CPU.Build.0 = Debug|Any CPU
		{A8703BB1-2372-457C-B78A-FC15DE021374}.Release|Any CPU.ActiveCfg = Release|Any CPU
		{A8703BB1-2372-457C-B78A-FC15DE021374}.Release|Any CPU.Build.0 = Release|Any CPU
	EndGlobalSection
	GlobalSection(SolutionProperties) = preSolution
		HideSolutionNode = FALSE
	EndGlobalSection
	GlobalSection(ExtensibilityGlobals) = postSolution
		SolutionGuid = {79672258-756A-40CA-8256-6A9C113B887E}
	EndGlobalSection
EndGlobal
